
Microsoft Visual Studio Solution File, Format Version 12.00
# Visual Studio Version 16
VisualStudioVersion = 16.0.29102.190
MinimumVisualStudioVersion = 10.0.40219.1
Project("{FAE04EC0-301F-11D3-BF4B-00C04F79EFBC}") = "SonarTest", "SonarTest\SonarTest.csproj", "{376BA181-1C42-4997-86F0-904FDF664A6F}"
EndProject
Global
	GlobalSection(SolutionConfigurationPlatforms) = preSolution
		Debug|Any CPU = Debug|Any CPU
		Release|Any CPU = Release|Any CPU
	EndGlobalSection
	GlobalSection(ProjectConfigurationPlatforms) = postSolution
		{376BA181-1C42-4997-86F0-904FDF664A6F}.Debug|Any CPU.ActiveCfg = Debug|Any CPU
		{376BA181-1C42-4997-86F0-904FDF664A6F}.Debug|Any CPU.Build.0 = Debug|Any CPU
		{376BA181-1C42-4997-86F0-904FDF664A6F}.Release|Any CPU.ActiveCfg = Release|Any CPU
		{376BA181-1C42-4997-86F0-904FDF664A6F}.Release|Any CPU.Build.0 = Release|Any CPU
	EndGlobalSection
	GlobalSection(SolutionProperties) = preSolution
		HideSolutionNode = FALSE
	EndGlobalSection
	GlobalSection(ExtensibilityGlobals) = postSolution
		SolutionGuid = {0DF3EBDE-76E9-49A3-A854-544FF3B40573}
	EndGlobalSection
EndGlobal
